
Microsoft Visual Studio Solution File, Format Version 12.00
# Visual Studio 2012
Project("{FAE04EC0-301F-11D3-BF4B-00C04F79EFBC}") = "Testeando", "Testeando\Testeando.csproj", "{A8445269-FA0B-4E81-833B-100670AB5715}"
EndProject
Project("{FAE04EC0-301F-11D3-BF4B-00C04F79EFBC}") = "TestUnitario", "TestUnitario\TestUnitario.csproj", "{6173B0D4-6299-45BF-9C77-4F9162F8BB92}"
EndProject
Global
	GlobalSection(SolutionConfigurationPlatforms) = preSolution
		Debug|Any CPU = Debug|Any CPU
		Release|Any CPU = Release|Any CPU
	EndGlobalSection
	GlobalSection(ProjectConfigurationPlatforms) = postSolution
		{A8445269-FA0B-4E81-833B-100670AB5715}.Debug|Any CPU.ActiveCfg = Debug|Any CPU
		{A8445269-FA0B-4E81-833B-100670AB5715}.Debug|Any CPU.Build.0 = Debug|Any CPU
		{A8445269-FA0B-4E81-833B-100670AB5715}.Release|Any CPU.ActiveCfg = Release|Any CPU
		{A8445269-FA0B-4E81-833B-100670AB5715}.Release|Any CPU.Build.0 = Release|Any CPU
		{6173B0D4-6299-45BF-9C77-4F9162F8BB92}.Debug|Any CPU.ActiveCfg = Debug|Any CPU
		{6173B0D4-6299-45BF-9C77-4F9162F8BB92}.Debug|Any CPU.Build.0 = Debug|Any CPU
		{6173B0D4-6299-45BF-9C77-4F9162F8BB92}.Release|Any CPU.ActiveCfg = Release|Any CPU
		{6173B0D4-6299-45BF-9C77-4F9162F8BB92}.Release|Any CPU.Build.0 = Release|Any CPU
	EndGlobalSection
	GlobalSection(SolutionProperties) = preSolution
		HideSolutionNode = FALSE
	EndGlobalSection
EndGlobal
