
Microsoft Visual Studio Solution File, Format Version 12.00
# Visual Studio Express 2012 for Windows Desktop
Project("{FAE04EC0-301F-11D3-BF4B-00C04F79EFBC}") = "race", "race\race.csproj", "{4170045C-706D-43C6-A2BE-556A13012CC4}"
EndProject
Project("{FAE04EC0-301F-11D3-BF4B-00C04F79EFBC}") = "raceGUI", "raceGUI\raceGUI.csproj", "{A2A92553-2992-476D-AA98-295C7A87B629}"
EndProject
Global
	GlobalSection(SolutionConfigurationPlatforms) = preSolution
		Debug|Any CPU = Debug|Any CPU
		Release|Any CPU = Release|Any CPU
	EndGlobalSection
	GlobalSection(ProjectConfigurationPlatforms) = postSolution
		{4170045C-706D-43C6-A2BE-556A13012CC4}.Debug|Any CPU.ActiveCfg = Debug|Any CPU
		{4170045C-706D-43C6-A2BE-556A13012CC4}.Debug|Any CPU.Build.0 = Debug|Any CPU
		{4170045C-706D-43C6-A2BE-556A13012CC4}.Release|Any CPU.ActiveCfg = Release|Any CPU
		{4170045C-706D-43C6-A2BE-556A13012CC4}.Release|Any CPU.Build.0 = Release|Any CPU
		{A2A92553-2992-476D-AA98-295C7A87B629}.Debug|Any CPU.ActiveCfg = Debug|Any CPU
		{A2A92553-2992-476D-AA98-295C7A87B629}.Debug|Any CPU.Build.0 = Debug|Any CPU
		{A2A92553-2992-476D-AA98-295C7A87B629}.Release|Any CPU.ActiveCfg = Release|Any CPU
		{A2A92553-2992-476D-AA98-295C7A87B629}.Release|Any CPU.Build.0 = Release|Any CPU
	EndGlobalSection
	GlobalSection(SolutionProperties) = preSolution
		HideSolutionNode = FALSE
	EndGlobalSection
EndGlobal
